
Microsoft Visual Studio Solution File, Format Version 12.00
# Visual Studio Version 17
VisualStudioVersion = 17.9.34607.119
MinimumVisualStudioVersion = 10.0.40219.1
Project("{9A19103F-16F7-4668-BE54-9A1E7A4F7556}") = "ConsoleUseMiddlewareTopStemt", "ConsoleUseMiddlewareTopStemt\ConsoleUseMiddlewareTopStemt.csproj", "{BABEF77C-D01C-4FA2-AF1E-B92BFB85E9A8}"
EndProject
Project("{2150E333-8FDC-42A3-9474-1A3956D46DE8}") = "方案項目", "方案項目", "{3129C724-B0AA-47FA-9231-4A945C968752}"
	ProjectSection(SolutionItems) = preProject
		README.md = README.md
	EndProjectSection
EndProject
Global
	GlobalSection(SolutionConfigurationPlatforms) = preSolution
		Debug|Any CPU = Debug|Any CPU
		Release|Any CPU = Release|Any CPU
	EndGlobalSection
	GlobalSection(ProjectConfigurationPlatforms) = postSolution
		{BABEF77C-D01C-4FA2-AF1E-B92BFB85E9A8}.Debug|Any CPU.ActiveCfg = Debug|Any CPU
		{BABEF77C-D01C-4FA2-AF1E-B92BFB85E9A8}.Debug|Any CPU.Build.0 = Debug|Any CPU
		{BABEF77C-D01C-4FA2-AF1E-B92BFB85E9A8}.Release|Any CPU.ActiveCfg = Release|Any CPU
		{BABEF77C-D01C-4FA2-AF1E-B92BFB85E9A8}.Release|Any CPU.Build.0 = Release|Any CPU
	EndGlobalSection
	GlobalSection(SolutionProperties) = preSolution
		HideSolutionNode = FALSE
	EndGlobalSection
	GlobalSection(ExtensibilityGlobals) = postSolution
		SolutionGuid = {D2277FF4-2721-49B1-8623-0BD946BD1B0D}
	EndGlobalSection
EndGlobal
